
Microsoft Visual Studio Solution File, Format Version 12.00
# Visual Studio Version 16
VisualStudioVersion = 16.0.30002.166
MinimumVisualStudioVersion = 10.0.40219.1
Project("{2150E333-8FDC-42A3-9474-1A3956D46DE8}") = "Microservices", "Microservices", "{CD417A6A-2AC1-4D64-8658-0625E34D55AB}"
EndProject
Project("{2150E333-8FDC-42A3-9474-1A3956D46DE8}") = "Domain", "Domain", "{2275C768-CBE3-4489-A547-FDD635B76D0A}"
EndProject
Project("{2150E333-8FDC-42A3-9474-1A3956D46DE8}") = "Infras.Bus", "Infras.Bus", "{A6D84F4E-9C1B-4BE8-A20E-01BD99CD18E5}"
EndProject
Project("{2150E333-8FDC-42A3-9474-1A3956D46DE8}") = "Infras.IoC", "Infras.IoC", "{894E9159-37F0-460C-BC01-FD516D7F2FD7}"
EndProject
Project("{2150E333-8FDC-42A3-9474-1A3956D46DE8}") = "Presentation", "Presentation", "{D1E18B61-7D2F-4CF4-81A7-52DBE0D430BE}"
EndProject
Project("{FAE04EC0-301F-11D3-BF4B-00C04F79EFBC}") = "MicroRabbit.Domain.Core", "MicroRabbit.Domain.Core\MicroRabbit.Domain.Core.csproj", "{5997699F-D46B-43F2-B85E-42B7BBEFBD25}"
EndProject
Project("{FAE04EC0-301F-11D3-BF4B-00C04F79EFBC}") = "MicroRabbit.Infra.Bus", "MicroRabbit.Infra.Bus\MicroRabbit.Infra.Bus.csproj", "{6B611B6D-98E0-4CD5-9BE2-3BA7BEDC4C5E}"
EndProject
Project("{FAE04EC0-301F-11D3-BF4B-00C04F79EFBC}") = "MicroRabbit.Infra.IoC", "MicroRabbit.Infra.IoC\MicroRabbit.Infra.IoC.csproj", "{9A189C21-5954-4F85-9F9C-87CA4337F3B4}"
EndProject
Project("{2150E333-8FDC-42A3-9474-1A3956D46DE8}") = "Banking", "Banking", "{6B582913-18FF-4DB2-9F84-61C9A6882C30}"
EndProject
Project("{2150E333-8FDC-42A3-9474-1A3956D46DE8}") = "Api", "Api", "{51E9A0D7-DAC0-4418-B13C-B9E3ABC5CEB2}"
EndProject
Project("{2150E333-8FDC-42A3-9474-1A3956D46DE8}") = "Domain", "Domain", "{ED6AF292-B2CC-4E05-81A9-189AA85C6948}"
EndProject
Project("{2150E333-8FDC-42A3-9474-1A3956D46DE8}") = "Application", "Application", "{5041349A-34F2-4939-8EC3-603B1AD1B6B5}"
EndProject
Project("{2150E333-8FDC-42A3-9474-1A3956D46DE8}") = "Data", "Data", "{AC72078F-9FF4-4116-B9E0-C060F60BC889}"
EndProject
Project("{FAE04EC0-301F-11D3-BF4B-00C04F79EFBC}") = "MicroRabbit.Banking.Api", "MicroRabbit.Banking.Api\MicroRabbit.Banking.Api.csproj", "{BE114417-F691-45FD-8CC3-5177C1439AA9}"
EndProject
Project("{FAE04EC0-301F-11D3-BF4B-00C04F79EFBC}") = "MicroRabbit.Banking.Application", "MicroRabbit.Banking.Application\MicroRabbit.Banking.Application.csproj", "{B87C5381-A1D9-451E-9BA7-D6C28E9941C9}"
EndProject
Project("{FAE04EC0-301F-11D3-BF4B-00C04F79EFBC}") = "MicroRabbit.Banking.Data", "MicroRabbit.Banking.Data\MicroRabbit.Banking.Data.csproj", "{B5654EBD-DE5C-41C1-ADBF-A1175E1A967C}"
EndProject
Project("{FAE04EC0-301F-11D3-BF4B-00C04F79EFBC}") = "MicroRabbit.Banking.Domain", "MicrRabbit.Banking.Domain\MicroRabbit.Banking.Domain.csproj", "{DEE6FF64-7841-448D-8E60-4B5C0B155801}"
EndProject
Global
	GlobalSection(SolutionConfigurationPlatforms) = preSolution
		Debug|Any CPU = Debug|Any CPU
		Release|Any CPU = Release|Any CPU
	EndGlobalSection
	GlobalSection(ProjectConfigurationPlatforms) = postSolution
		{5997699F-D46B-43F2-B85E-42B7BBEFBD25}.Debug|Any CPU.ActiveCfg = Debug|Any CPU
		{5997699F-D46B-43F2-B85E-42B7BBEFBD25}.Debug|Any CPU.Build.0 = Debug|Any CPU
		{5997699F-D46B-43F2-B85E-42B7BBEFBD25}.Release|Any CPU.ActiveCfg = Release|Any CPU
		{5997699F-D46B-43F2-B85E-42B7BBEFBD25}.Release|Any CPU.Build.0 = Release|Any CPU
		{6B611B6D-98E0-4CD5-9BE2-3BA7BEDC4C5E}.Debug|Any CPU.ActiveCfg = Debug|Any CPU
		{6B611B6D-98E0-4CD5-9BE2-3BA7BEDC4C5E}.Debug|Any CPU.Build.0 = Debug|Any CPU
		{6B611B6D-98E0-4CD5-9BE2-3BA7BEDC4C5E}.Release|Any CPU.ActiveCfg = Release|Any CPU
		{6B611B6D-98E0-4CD5-9BE2-3BA7BEDC4C5E}.Release|Any CPU.Build.0 = Release|Any CPU
		{9A189C21-5954-4F85-9F9C-87CA4337F3B4}.Debug|Any CPU.ActiveCfg = Debug|Any CPU
		{9A189C21-5954-4F85-9F9C-87CA4337F3B4}.Debug|Any CPU.Build.0 = Debug|Any CPU
		{9A189C21-5954-4F85-9F9C-87CA4337F3B4}.Release|Any CPU.ActiveCfg = Release|Any CPU
		{9A189C21-5954-4F85-9F9C-87CA4337F3B4}.Release|Any CPU.Build.0 = Release|Any CPU
		{BE114417-F691-45FD-8CC3-5177C1439AA9}.Debug|Any CPU.ActiveCfg = Debug|Any CPU
		{BE114417-F691-45FD-8CC3-5177C1439AA9}.Debug|Any CPU.Build.0 = Debug|Any CPU
		{BE114417-F691-45FD-8CC3-5177C1439AA9}.Release|Any CPU.ActiveCfg = Release|Any CPU
		{BE114417-F691-45FD-8CC3-5177C1439AA9}.Release|Any CPU.Build.0 = Release|Any CPU
		{B87C5381-A1D9-451E-9BA7-D6C28E9941C9}.Debug|Any CPU.ActiveCfg = Debug|Any CPU
		{B87C5381-A1D9-451E-9BA7-D6C28E9941C9}.Debug|Any CPU.Build.0 = Debug|Any CPU
		{B87C5381-A1D9-451E-9BA7-D6C28E9941C9}.Release|Any CPU.ActiveCfg = Release|Any CPU
		{B87C5381-A1D9-451E-9BA7-D6C28E9941C9}.Release|Any CPU.Build.0 = Release|Any CPU
		{B5654EBD-DE5C-41C1-ADBF-A1175E1A967C}.Debug|Any CPU.ActiveCfg = Debug|Any CPU
		{B5654EBD-DE5C-41C1-ADBF-A1175E1A967C}.Debug|Any CPU.Build.0 = Debug|Any CPU
		{B5654EBD-DE5C-41C1-ADBF-A1175E1A967C}.Release|Any CPU.ActiveCfg = Release|Any CPU
		{B5654EBD-DE5C-41C1-ADBF-A1175E1A967C}.Release|Any CPU.Build.0 = Release|Any CPU
		{DEE6FF64-7841-448D-8E60-4B5C0B155801}.Debug|Any CPU.ActiveCfg = Debug|Any CPU
		{DEE6FF64-7841-448D-8E60-4B5C0B155801}.Debug|Any CPU.Build.0 = Debug|Any CPU
		{DEE6FF64-7841-448D-8E60-4B5C0B155801}.Release|Any CPU.ActiveCfg = Release|Any CPU
		{DEE6FF64-7841-448D-8E60-4B5C0B155801}.Release|Any CPU.Build.0 = Release|Any CPU
	EndGlobalSection
	GlobalSection(SolutionProperties) = preSolution
		HideSolutionNode = FALSE
	EndGlobalSection
	GlobalSection(NestedProjects) = preSolution
		{5997699F-D46B-43F2-B85E-42B7BBEFBD25} = {2275C768-CBE3-4489-A547-FDD635B76D0A}
		{6B611B6D-98E0-4CD5-9BE2-3BA7BEDC4C5E} = {A6D84F4E-9C1B-4BE8-A20E-01BD99CD18E5}
		{9A189C21-5954-4F85-9F9C-87CA4337F3B4} = {894E9159-37F0-460C-BC01-FD516D7F2FD7}
		{6B582913-18FF-4DB2-9F84-61C9A6882C30} = {CD417A6A-2AC1-4D64-8658-0625E34D55AB}
		{51E9A0D7-DAC0-4418-B13C-B9E3ABC5CEB2} = {6B582913-18FF-4DB2-9F84-61C9A6882C30}
		{ED6AF292-B2CC-4E05-81A9-189AA85C6948} = {6B582913-18FF-4DB2-9F84-61C9A6882C30}
		{5041349A-34F2-4939-8EC3-603B1AD1B6B5} = {6B582913-18FF-4DB2-9F84-61C9A6882C30}
		{AC72078F-9FF4-4116-B9E0-C060F60BC889} = {6B582913-18FF-4DB2-9F84-61C9A6882C30}
		{BE114417-F691-45FD-8CC3-5177C1439AA9} = {51E9A0D7-DAC0-4418-B13C-B9E3ABC5CEB2}
		{B87C5381-A1D9-451E-9BA7-D6C28E9941C9} = {5041349A-34F2-4939-8EC3-603B1AD1B6B5}
		{B5654EBD-DE5C-41C1-ADBF-A1175E1A967C} = {AC72078F-9FF4-4116-B9E0-C060F60BC889}
		{DEE6FF64-7841-448D-8E60-4B5C0B155801} = {ED6AF292-B2CC-4E05-81A9-189AA85C6948}
	EndGlobalSection
	GlobalSection(ExtensibilityGlobals) = postSolution
		SolutionGuid = {0F500941-41F7-44D3-BC73-D63FA2E5C233}
	EndGlobalSection
EndGlobal
