
Microsoft Visual Studio Solution File, Format Version 12.00
# Visual Studio Version 16
VisualStudioVersion = 16.0.30002.166
MinimumVisualStudioVersion = 10.0.40219.1
Project("{2150E333-8FDC-42A3-9474-1A3956D46DE8}") = "Microservices", "Microservices", "{CD417A6A-2AC1-4D64-8658-0625E34D55AB}"
EndProject
Project("{2150E333-8FDC-42A3-9474-1A3956D46DE8}") = "Domain", "Domain", "{2275C768-CBE3-4489-A547-FDD635B76D0A}"
EndProject
Project("{2150E333-8FDC-42A3-9474-1A3956D46DE8}") = "Infras.Bus", "Infras.Bus", "{A6D84F4E-9C1B-4BE8-A20E-01BD99CD18E5}"
EndProject
Project("{2150E333-8FDC-42A3-9474-1A3956D46DE8}") = "Infras.IoC", "Infras.IoC", "{894E9159-37F0-460C-BC01-FD516D7F2FD7}"
EndProject
Project("{2150E333-8FDC-42A3-9474-1A3956D46DE8}") = "Presentation", "Presentation", "{D1E18B61-7D2F-4CF4-81A7-52DBE0D430BE}"
EndProject
Project("{FAE04EC0-301F-11D3-BF4B-00C04F79EFBC}") = "MicroRabbit.Domain.Core", "MicroRabbit.Domain.Core\MicroRabbit.Domain.Core.csproj", "{5997699F-D46B-43F2-B85E-42B7BBEFBD25}"
EndProject
Global
	GlobalSection(SolutionConfigurationPlatforms) = preSolution
		Debug|Any CPU = Debug|Any CPU
		Release|Any CPU = Release|Any CPU
	EndGlobalSection
	GlobalSection(ProjectConfigurationPlatforms) = postSolution
		{5997699F-D46B-43F2-B85E-42B7BBEFBD25}.Debug|Any CPU.ActiveCfg = Debug|Any CPU
		{5997699F-D46B-43F2-B85E-42B7BBEFBD25}.Debug|Any CPU.Build.0 = Debug|Any CPU
		{5997699F-D46B-43F2-B85E-42B7BBEFBD25}.Release|Any CPU.ActiveCfg = Release|Any CPU
		{5997699F-D46B-43F2-B85E-42B7BBEFBD25}.Release|Any CPU.Build.0 = Release|Any CPU
	EndGlobalSection
	GlobalSection(SolutionProperties) = preSolution
		HideSolutionNode = FALSE
	EndGlobalSection
	GlobalSection(NestedProjects) = preSolution
		{5997699F-D46B-43F2-B85E-42B7BBEFBD25} = {2275C768-CBE3-4489-A547-FDD635B76D0A}
	EndGlobalSection
	GlobalSection(ExtensibilityGlobals) = postSolution
		SolutionGuid = {0F500941-41F7-44D3-BC73-D63FA2E5C233}
	EndGlobalSection
EndGlobal
